
Microsoft Visual Studio Solution File, Format Version 12.00
# Visual Studio Version 17
VisualStudioVersion = 17.13.36105.23
MinimumVisualStudioVersion = 10.0.40219.1
Project("{FAE04EC0-301F-11D3-BF4B-00C04F79EFBC}") = "BookYourDoctor", "BookYourDoctor\BookYourDoctor.csproj", "{E491E2C7-5D82-4B75-B6E8-17F2102EB361}"
EndProject
Project("{2150E333-8FDC-42A3-9474-1A3956D46DE8}") = "Core", "Core", "{02EA681E-C7D8-13C7-8484-4AC65E1B71E8}"
EndProject
Project("{2150E333-8FDC-42A3-9474-1A3956D46DE8}") = "Infrastructure", "Infrastructure", "{13256F02-427D-47A7-9CDB-4407ADDFCBA2}"
EndProject
Project("{FAE04EC0-301F-11D3-BF4B-00C04F79EFBC}") = "Shared", "Shared\Shared.csproj", "{8E0D8B67-83E2-4657-853F-4807B8F9E816}"
EndProject
Project("{FAE04EC0-301F-11D3-BF4B-00C04F79EFBC}") = "Domain", "Domain\Domain.csproj", "{ACF971C8-B069-4A37-A225-045FA46A904B}"
EndProject
Project("{FAE04EC0-301F-11D3-BF4B-00C04F79EFBC}") = "Service", "Service\Service.csproj", "{360F859A-30CB-4CA0-8634-E7F95901DEDF}"
EndProject
Project("{FAE04EC0-301F-11D3-BF4B-00C04F79EFBC}") = "ServiceAbestraction", "ServiceAbestraction\ServiceAbestraction.csproj", "{C89F2B0A-D904-400A-BBDE-18B179889430}"
EndProject
Project("{FAE04EC0-301F-11D3-BF4B-00C04F79EFBC}") = "Persistanse", "Persistanse\Persistanse.csproj", "{1578E595-2282-4BBD-9665-34A147509573}"
EndProject
Project("{FAE04EC0-301F-11D3-BF4B-00C04F79EFBC}") = "Presentation", "Presentation\Presentation.csproj", "{A64C2E77-CE60-471A-9A39-FB32024140A3}"
EndProject
Global
	GlobalSection(SolutionConfigurationPlatforms) = preSolution
		Debug|Any CPU = Debug|Any CPU
		Release|Any CPU = Release|Any CPU
	EndGlobalSection
	GlobalSection(ProjectConfigurationPlatforms) = postSolution
		{E491E2C7-5D82-4B75-B6E8-17F2102EB361}.Debug|Any CPU.ActiveCfg = Debug|Any CPU
		{E491E2C7-5D82-4B75-B6E8-17F2102EB361}.Debug|Any CPU.Build.0 = Debug|Any CPU
		{E491E2C7-5D82-4B75-B6E8-17F2102EB361}.Release|Any CPU.ActiveCfg = Release|Any CPU
		{E491E2C7-5D82-4B75-B6E8-17F2102EB361}.Release|Any CPU.Build.0 = Release|Any CPU
		{8E0D8B67-83E2-4657-853F-4807B8F9E816}.Debug|Any CPU.ActiveCfg = Debug|Any CPU
		{8E0D8B67-83E2-4657-853F-4807B8F9E816}.Debug|Any CPU.Build.0 = Debug|Any CPU
		{8E0D8B67-83E2-4657-853F-4807B8F9E816}.Release|Any CPU.ActiveCfg = Release|Any CPU
		{8E0D8B67-83E2-4657-853F-4807B8F9E816}.Release|Any CPU.Build.0 = Release|Any CPU
		{ACF971C8-B069-4A37-A225-045FA46A904B}.Debug|Any CPU.ActiveCfg = Debug|Any CPU
		{ACF971C8-B069-4A37-A225-045FA46A904B}.Debug|Any CPU.Build.0 = Debug|Any CPU
		{ACF971C8-B069-4A37-A225-045FA46A904B}.Release|Any CPU.ActiveCfg = Release|Any CPU
		{ACF971C8-B069-4A37-A225-045FA46A904B}.Release|Any CPU.Build.0 = Release|Any CPU
		{360F859A-30CB-4CA0-8634-E7F95901DEDF}.Debug|Any CPU.ActiveCfg = Debug|Any CPU
		{360F859A-30CB-4CA0-8634-E7F95901DEDF}.Debug|Any CPU.Build.0 = Debug|Any CPU
		{360F859A-30CB-4CA0-8634-E7F95901DEDF}.Release|Any CPU.ActiveCfg = Release|Any CPU
		{360F859A-30CB-4CA0-8634-E7F95901DEDF}.Release|Any CPU.Build.0 = Release|Any CPU
		{C89F2B0A-D904-400A-BBDE-18B179889430}.Debug|Any CPU.ActiveCfg = Debug|Any CPU
		{C89F2B0A-D904-400A-BBDE-18B179889430}.Debug|Any CPU.Build.0 = Debug|Any CPU
		{C89F2B0A-D904-400A-BBDE-18B179889430}.Release|Any CPU.ActiveCfg = Release|Any CPU
		{C89F2B0A-D904-400A-BBDE-18B179889430}.Release|Any CPU.Build.0 = Release|Any CPU
		{1578E595-2282-4BBD-9665-34A147509573}.Debug|Any CPU.ActiveCfg = Debug|Any CPU
		{1578E595-2282-4BBD-9665-34A147509573}.Debug|Any CPU.Build.0 = Debug|Any CPU
		{1578E595-2282-4BBD-9665-34A147509573}.Release|Any CPU.ActiveCfg = Release|Any CPU
		{1578E595-2282-4BBD-9665-34A147509573}.Release|Any CPU.Build.0 = Release|Any CPU
		{A64C2E77-CE60-471A-9A39-FB32024140A3}.Debug|Any CPU.ActiveCfg = Debug|Any CPU
		{A64C2E77-CE60-471A-9A39-FB32024140A3}.Debug|Any CPU.Build.0 = Debug|Any CPU
		{A64C2E77-CE60-471A-9A39-FB32024140A3}.Release|Any CPU.ActiveCfg = Release|Any CPU
		{A64C2E77-CE60-471A-9A39-FB32024140A3}.Release|Any CPU.Build.0 = Release|Any CPU
	EndGlobalSection
	GlobalSection(SolutionProperties) = preSolution
		HideSolutionNode = FALSE
	EndGlobalSection
	GlobalSection(NestedProjects) = preSolution
		{ACF971C8-B069-4A37-A225-045FA46A904B} = {02EA681E-C7D8-13C7-8484-4AC65E1B71E8}
		{360F859A-30CB-4CA0-8634-E7F95901DEDF} = {02EA681E-C7D8-13C7-8484-4AC65E1B71E8}
		{C89F2B0A-D904-400A-BBDE-18B179889430} = {02EA681E-C7D8-13C7-8484-4AC65E1B71E8}
		{1578E595-2282-4BBD-9665-34A147509573} = {13256F02-427D-47A7-9CDB-4407ADDFCBA2}
		{A64C2E77-CE60-471A-9A39-FB32024140A3} = {13256F02-427D-47A7-9CDB-4407ADDFCBA2}
	EndGlobalSection
	GlobalSection(ExtensibilityGlobals) = postSolution
		SolutionGuid = {349BDE2C-FFEB-41DA-8CFA-50DDC00ABDA9}
	EndGlobalSection
EndGlobal
